
Microsoft Visual Studio Solution File, Format Version 12.00
# Visual Studio Version 16
VisualStudioVersion = 16.0.28701.123
MinimumVisualStudioVersion = 10.0.40219.1
Project("{FAE04EC0-301F-11D3-BF4B-00C04F79EFBC}") = "WindowsService", "WindowsService\WindowsService.csproj", "{5A4C75E3-4ACB-4F44-8468-994B84D86DF5}"
EndProject
Project("{FAE04EC0-301F-11D3-BF4B-00C04F79EFBC}") = "Utils", "Utils\Utils.csproj", "{E8E8856E-5B17-4E0A-AE78-9572BC209ABA}"
EndProject
Project("{FAE04EC0-301F-11D3-BF4B-00C04F79EFBC}") = "Reporter", "Reporter\Reporter.csproj", "{E973C311-EB41-4B71-BF61-111624C0F4CD}"
EndProject
Project("{FAE04EC0-301F-11D3-BF4B-00C04F79EFBC}") = "DebugMe", "DebugMe\DebugMe.csproj", "{4F82A30F-F7D7-48EE-B07D-E734DDD74055}"
EndProject
Project("{54435603-DBB4-11D2-8724-00A0C9A8B90C}") = "Setup", "Setup\Setup.vdproj", "{1AB96176-0C12-41AC-A406-7A904D134A1A}"
EndProject
Global
	GlobalSection(SolutionConfigurationPlatforms) = preSolution
		Debug|Any CPU = Debug|Any CPU
		Debug|ARM = Debug|ARM
		Debug|ARM64 = Debug|ARM64
		Debug|x64 = Debug|x64
		Debug|x86 = Debug|x86
		Release|Any CPU = Release|Any CPU
		Release|ARM = Release|ARM
		Release|ARM64 = Release|ARM64
		Release|x64 = Release|x64
		Release|x86 = Release|x86
	EndGlobalSection
	GlobalSection(ProjectConfigurationPlatforms) = postSolution
		{5A4C75E3-4ACB-4F44-8468-994B84D86DF5}.Debug|Any CPU.ActiveCfg = Debug|Any CPU
		{5A4C75E3-4ACB-4F44-8468-994B84D86DF5}.Debug|Any CPU.Build.0 = Debug|Any CPU
		{5A4C75E3-4ACB-4F44-8468-994B84D86DF5}.Debug|ARM.ActiveCfg = Debug|Any CPU
		{5A4C75E3-4ACB-4F44-8468-994B84D86DF5}.Debug|ARM.Build.0 = Debug|Any CPU
		{5A4C75E3-4ACB-4F44-8468-994B84D86DF5}.Debug|ARM64.ActiveCfg = Debug|Any CPU
		{5A4C75E3-4ACB-4F44-8468-994B84D86DF5}.Debug|ARM64.Build.0 = Debug|Any CPU
		{5A4C75E3-4ACB-4F44-8468-994B84D86DF5}.Debug|x64.ActiveCfg = Debug|Any CPU
		{5A4C75E3-4ACB-4F44-8468-994B84D86DF5}.Debug|x64.Build.0 = Debug|Any CPU
		{5A4C75E3-4ACB-4F44-8468-994B84D86DF5}.Debug|x86.ActiveCfg = Debug|Any CPU
		{5A4C75E3-4ACB-4F44-8468-994B84D86DF5}.Debug|x86.Build.0 = Debug|Any CPU
		{5A4C75E3-4ACB-4F44-8468-994B84D86DF5}.Release|Any CPU.ActiveCfg = Release|Any CPU
		{5A4C75E3-4ACB-4F44-8468-994B84D86DF5}.Release|Any CPU.Build.0 = Release|Any CPU
		{5A4C75E3-4ACB-4F44-8468-994B84D86DF5}.Release|ARM.ActiveCfg = Release|Any CPU
		{5A4C75E3-4ACB-4F44-8468-994B84D86DF5}.Release|ARM.Build.0 = Release|Any CPU
		{5A4C75E3-4ACB-4F44-8468-994B84D86DF5}.Release|ARM64.ActiveCfg = Release|Any CPU
		{5A4C75E3-4ACB-4F44-8468-994B84D86DF5}.Release|ARM64.Build.0 = Release|Any CPU
		{5A4C75E3-4ACB-4F44-8468-994B84D86DF5}.Release|x64.ActiveCfg = Release|Any CPU
		{5A4C75E3-4ACB-4F44-8468-994B84D86DF5}.Release|x64.Build.0 = Release|Any CPU
		{5A4C75E3-4ACB-4F44-8468-994B84D86DF5}.Release|x86.ActiveCfg = Release|Any CPU
		{5A4C75E3-4ACB-4F44-8468-994B84D86DF5}.Release|x86.Build.0 = Release|Any CPU
		{E8E8856E-5B17-4E0A-AE78-9572BC209ABA}.Debug|Any CPU.ActiveCfg = Debug|Any CPU
		{E8E8856E-5B17-4E0A-AE78-9572BC209ABA}.Debug|Any CPU.Build.0 = Debug|Any CPU
		{E8E8856E-5B17-4E0A-AE78-9572BC209ABA}.Debug|ARM.ActiveCfg = Debug|Any CPU
		{E8E8856E-5B17-4E0A-AE78-9572BC209ABA}.Debug|ARM.Build.0 = Debug|Any CPU
		{E8E8856E-5B17-4E0A-AE78-9572BC209ABA}.Debug|ARM64.ActiveCfg = Debug|Any CPU
		{E8E8856E-5B17-4E0A-AE78-9572BC209ABA}.Debug|ARM64.Build.0 = Debug|Any CPU
		{E8E8856E-5B17-4E0A-AE78-9572BC209ABA}.Debug|x64.ActiveCfg = Debug|Any CPU
		{E8E8856E-5B17-4E0A-AE78-9572BC209ABA}.Debug|x64.Build.0 = Debug|Any CPU
		{E8E8856E-5B17-4E0A-AE78-9572BC209ABA}.Debug|x86.ActiveCfg = Debug|Any CPU
		{E8E8856E-5B17-4E0A-AE78-9572BC209ABA}.Debug|x86.Build.0 = Debug|Any CPU
		{E8E8856E-5B17-4E0A-AE78-9572BC209ABA}.Release|Any CPU.ActiveCfg = Release|Any CPU
		{E8E8856E-5B17-4E0A-AE78-9572BC209ABA}.Release|Any CPU.Build.0 = Release|Any CPU
		{E8E8856E-5B17-4E0A-AE78-9572BC209ABA}.Release|ARM.ActiveCfg = Release|Any CPU
		{E8E8856E-5B17-4E0A-AE78-9572BC209ABA}.Release|ARM.Build.0 = Release|Any CPU
		{E8E8856E-5B17-4E0A-AE78-9572BC209ABA}.Release|ARM64.ActiveCfg = Release|Any CPU
		{E8E8856E-5B17-4E0A-AE78-9572BC209ABA}.Release|ARM64.Build.0 = Release|Any CPU
		{E8E8856E-5B17-4E0A-AE78-9572BC209ABA}.Release|x64.ActiveCfg = Release|Any CPU
		{E8E8856E-5B17-4E0A-AE78-9572BC209ABA}.Release|x64.Build.0 = Release|Any CPU
		{E8E8856E-5B17-4E0A-AE78-9572BC209ABA}.Release|x86.ActiveCfg = Release|Any CPU
		{E8E8856E-5B17-4E0A-AE78-9572BC209ABA}.Release|x86.Build.0 = Release|Any CPU
		{E973C311-EB41-4B71-BF61-111624C0F4CD}.Debug|Any CPU.ActiveCfg = Debug|Any CPU
		{E973C311-EB41-4B71-BF61-111624C0F4CD}.Debug|Any CPU.Build.0 = Debug|Any CPU
		{E973C311-EB41-4B71-BF61-111624C0F4CD}.Debug|ARM.ActiveCfg = Debug|Any CPU
		{E973C311-EB41-4B71-BF61-111624C0F4CD}.Debug|ARM.Build.0 = Debug|Any CPU
		{E973C311-EB41-4B71-BF61-111624C0F4CD}.Debug|ARM64.ActiveCfg = Debug|Any CPU
		{E973C311-EB41-4B71-BF61-111624C0F4CD}.Debug|ARM64.Build.0 = Debug|Any CPU
		{E973C311-EB41-4B71-BF61-111624C0F4CD}.Debug|x64.ActiveCfg = Debug|Any CPU
		{E973C311-EB41-4B71-BF61-111624C0F4CD}.Debug|x64.Build.0 = Debug|Any CPU
		{E973C311-EB41-4B71-BF61-111624C0F4CD}.Debug|x86.ActiveCfg = Debug|Any CPU
		{E973C311-EB41-4B71-BF61-111624C0F4CD}.Debug|x86.Build.0 = Debug|Any CPU
		{E973C311-EB41-4B71-BF61-111624C0F4CD}.Release|Any CPU.ActiveCfg = Release|Any CPU
		{E973C311-EB41-4B71-BF61-111624C0F4CD}.Release|Any CPU.Build.0 = Release|Any CPU
		{E973C311-EB41-4B71-BF61-111624C0F4CD}.Release|ARM.ActiveCfg = Release|Any CPU
		{E973C311-EB41-4B71-BF61-111624C0F4CD}.Release|ARM.Build.0 = Release|Any CPU
		{E973C311-EB41-4B71-BF61-111624C0F4CD}.Release|ARM64.ActiveCfg = Release|Any CPU
		{E973C311-EB41-4B71-BF61-111624C0F4CD}.Release|ARM64.Build.0 = Release|Any CPU
		{E973C311-EB41-4B71-BF61-111624C0F4CD}.Release|x64.ActiveCfg = Release|Any CPU
		{E973C311-EB41-4B71-BF61-111624C0F4CD}.Release|x64.Build.0 = Release|Any CPU
		{E973C311-EB41-4B71-BF61-111624C0F4CD}.Release|x86.ActiveCfg = Release|Any CPU
		{E973C311-EB41-4B71-BF61-111624C0F4CD}.Release|x86.Build.0 = Release|Any CPU
		{4F82A30F-F7D7-48EE-B07D-E734DDD74055}.Debug|Any CPU.ActiveCfg = Debug|Any CPU
		{4F82A30F-F7D7-48EE-B07D-E734DDD74055}.Debug|Any CPU.Build.0 = Debug|Any CPU
		{4F82A30F-F7D7-48EE-B07D-E734DDD74055}.Debug|ARM.ActiveCfg = Debug|Any CPU
		{4F82A30F-F7D7-48EE-B07D-E734DDD74055}.Debug|ARM.Build.0 = Debug|Any CPU
		{4F82A30F-F7D7-48EE-B07D-E734DDD74055}.Debug|ARM64.ActiveCfg = Debug|Any CPU
		{4F82A30F-F7D7-48EE-B07D-E734DDD74055}.Debug|ARM64.Build.0 = Debug|Any CPU
		{4F82A30F-F7D7-48EE-B07D-E734DDD74055}.Debug|x64.ActiveCfg = Debug|Any CPU
		{4F82A30F-F7D7-48EE-B07D-E734DDD74055}.Debug|x64.Build.0 = Debug|Any CPU
		{4F82A30F-F7D7-48EE-B07D-E734DDD74055}.Debug|x86.ActiveCfg = Debug|Any CPU
		{4F82A30F-F7D7-48EE-B07D-E734DDD74055}.Debug|x86.Build.0 = Debug|Any CPU
		{4F82A30F-F7D7-48EE-B07D-E734DDD74055}.Release|Any CPU.ActiveCfg = Release|Any CPU
		{4F82A30F-F7D7-48EE-B07D-E734DDD74055}.Release|Any CPU.Build.0 = Release|Any CPU
		{4F82A30F-F7D7-48EE-B07D-E734DDD74055}.Release|ARM.ActiveCfg = Release|Any CPU
		{4F82A30F-F7D7-48EE-B07D-E734DDD74055}.Release|ARM.Build.0 = Release|Any CPU
		{4F82A30F-F7D7-48EE-B07D-E734DDD74055}.Release|ARM64.ActiveCfg = Release|Any CPU
		{4F82A30F-F7D7-48EE-B07D-E734DDD74055}.Release|ARM64.Build.0 = Release|Any CPU
		{4F82A30F-F7D7-48EE-B07D-E734DDD74055}.Release|x64.ActiveCfg = Release|Any CPU
		{4F82A30F-F7D7-48EE-B07D-E734DDD74055}.Release|x64.Build.0 = Release|Any CPU
		{4F82A30F-F7D7-48EE-B07D-E734DDD74055}.Release|x86.ActiveCfg = Release|Any CPU
		{4F82A30F-F7D7-48EE-B07D-E734DDD74055}.Release|x86.Build.0 = Release|Any CPU
		{1AB96176-0C12-41AC-A406-7A904D134A1A}.Debug|Any CPU.ActiveCfg = Debug
		{1AB96176-0C12-41AC-A406-7A904D134A1A}.Debug|ARM.ActiveCfg = Debug
		{1AB96176-0C12-41AC-A406-7A904D134A1A}.Debug|ARM64.ActiveCfg = Debug
		{1AB96176-0C12-41AC-A406-7A904D134A1A}.Debug|x64.ActiveCfg = Debug
		{1AB96176-0C12-41AC-A406-7A904D134A1A}.Debug|x86.ActiveCfg = Debug
		{1AB96176-0C12-41AC-A406-7A904D134A1A}.Release|Any CPU.ActiveCfg = Release
		{1AB96176-0C12-41AC-A406-7A904D134A1A}.Release|ARM.ActiveCfg = Release
		{1AB96176-0C12-41AC-A406-7A904D134A1A}.Release|ARM64.ActiveCfg = Release
		{1AB96176-0C12-41AC-A406-7A904D134A1A}.Release|x64.ActiveCfg = Release
		{1AB96176-0C12-41AC-A406-7A904D134A1A}.Release|x86.ActiveCfg = Release
	EndGlobalSection
	GlobalSection(SolutionProperties) = preSolution
		HideSolutionNode = FALSE
	EndGlobalSection
	GlobalSection(ExtensibilityGlobals) = postSolution
		SolutionGuid = {EA449C53-0215-4DFF-ACEC-B730AC1D9CD3}
	EndGlobalSection
EndGlobal
